// !$*UTF8*$!
{
	archiveVersion = 1;
	classes = {
	};
	objectVersion = 46;
	objects = {

/* Begin PBXBuildFile section */
		346E73351D998849000975DE /* AppDelegate.swift in Sources */ = {isa = PBXBuildFile; fileRef = 346E73341D998849000975DE /* AppDelegate.swift */; };
		346E73371D998849000975DE /* ViewController.swift in Sources */ = {isa = PBXBuildFile; fileRef = 346E73361D998849000975DE /* ViewController.swift */; };
		346E733A1D998849000975DE /* Main.storyboard in Resources */ = {isa = PBXBuildFile; fileRef = 346E73381D998849000975DE /* Main.storyboard */; };
		346E733C1D998849000975DE /* Assets.xcassets in Resources */ = {isa = PBXBuildFile; fileRef = 346E733B1D998849000975DE /* Assets.xcassets */; };
		346E733F1D998849000975DE /* LaunchScreen.storyboard in Resources */ = {isa = PBXBuildFile; fileRef = 346E733D1D998849000975DE /* LaunchScreen.storyboard */; };
/* End PBXBuildFile section */

/* Begin PBXFileReference section */
		346E73311D998849000975DE /* savetheworld.app */ = {isa = PBXFileReference; explicitFileType = wrapper.application; includeInIndex = 0; path = savetheworld.app; sourceTree = BUILT_PRODUCTS_DIR; };
		346E73341D998849000975DE /* AppDelegate.swift */ = {isa = PBXFileReference; lastKnownFileType = sourcecode.swift; path = AppDelegate.swift; sourceTree = "<group>"; };
		346E73361D998849000975DE /* ViewController.swift */ = {isa = PBXFileReference; lastKnownFileType = sourcecode.swift; path = ViewController.swift; sourceTree = "<group>"; };
		346E73391D998849000975DE /* Base */ = {isa = PBXFileReference; lastKnownFileType = file.storyboard; name = Base; path = Base.lproj/Main.storyboard; sourceTree = "<group>"; };
		346E733B1D998849000975DE /* Assets.xcassets */ = {isa = PBXFileReference; lastKnownFileType = folder.assetcatalog; path = Assets.xcassets; sourceTree = "<group>"; };
		346E733E1D998849000975DE /* Base */ = {isa = PBXFileReference; lastKnownFileType = file.storyboard; name = Base; path = Base.lproj/LaunchScreen.storyboard; sourceTree = "<group>"; };
		346E73401D998849000975DE /* Info.plist */ = {isa = PBXFileReference; lastKnownFileType = text.plist.xml; path = Info.plist; sourceTree = "<group>"; };
/* End PBXFileReference section */

/* Begin PBXFrameworksBuildPhase section */
		346E732E1D998849000975DE /* Frameworks */ = {
			isa = PBXFrameworksBuildPhase;
			buildActionMask = 2147483647;
			files = (
			);
			runOnlyForDeploymentPostprocessing = 0;
		};
/* End PBXFrameworksBuildPhase section */

/* Begin PBXGroup section */
		346E73281D998849000975DE = {
			isa = PBXGroup;
			children = (
				346E73331D998849000975DE /* savetheworld */,
				346E73321D998849000975DE /* Products */,
			);
			sourceTree = "<group>";
		};
		346E73321D998849000975DE /* Products */ = {
			isa = PBXGroup;
			children = (
				346E73311D998849000975DE /* savetheworld.app */,
			);
			name = Products;
			sourceTree = "<group>";
		};
		346E73331D998849000975DE /* savetheworld */ = {
			isa = PBXGroup;
			children = (
				346E73341D998849000975DE /* AppDelegate.swift */,
				346E73361D998849000975DE /* ViewController.swift */,
				346E73381D998849000975DE /* Main.storyboard */,
				346E733B1D998849000975DE /* Assets.xcassets */,
				346E733D1D998849000975DE /* LaunchScreen.storyboard */,
				346E73401D998849000975DE /* Info.plist */,
			);
			path = savetheworld;
			sourceTree = "<group>";
		};
/* End PBXGroup section */

/* Begin PBXNativeTarget section */
		346E73301D998849000975DE /* savetheworld */ = {
			isa = PBXNativeTarget;
			buildConfigurationList = 346E73431D998849000975DE /* Build configuration list for PBXNativeTarget "savetheworld" */;
			buildPhases = (
				346E732D1D998849000975DE /* Sources */,
				346E732E1D998849000975DE /* Frameworks */,
				346E732F1D998849000975DE /* Resources */,
			);
			buildRules = (
			);
			dependencies = (
			);
			name = savetheworld;
			productName = savetheworld;
			productReference = 346E73311D998849000975DE /* savetheworld.app */;
			productType = "com.apple.product-type.application";
		};
/* End PBXNativeTarget section */

/* Begin PBXProject section */
		346E73291D998849000975DE /* Project object */ = {
			isa = PBXProject;
			attributes = {
				LastSwiftUpdateCheck = 0800;
				LastUpgradeCheck = 0800;
				ORGANIZATIONNAME = "Waleed Al-otaibi";
				TargetAttributes = {
					346E73301D998849000975DE = {
						CreatedOnToolsVersion = 8.0;
						DevelopmentTeam = 5RX9AQ74Y5;
						ProvisioningStyle = Automatic;
					};
				};
			};
			buildConfigurationList = 346E732C1D998849000975DE /* Build configuration list for PBXProject "savetheworld" */;
			compatibilityVersion = "Xcode 3.2";
			developmentRegion = English;
			hasScannedForEncodings = 0;
			knownRegions = (
				en,
				Base,
			);
			mainGroup = 346E73281D998849000975DE;
			productRefGroup = 346E73321D998849000975DE /* Products */;
			projectDirPath = "";
			projectRoot = "";
			targets = (
				346E73301D998849000975DE /* savetheworld */,
			);
		};
/* End PBXProject section */

/* Begin PBXResourcesBuildPhase section */
		346E732F1D998849000975DE /* Resources */ = {
			isa = PBXResourcesBuildPhase;
			buildActionMask = 2147483647;
			files = (
				346E733F1D998849000975DE /* LaunchScreen.storyboard in Resources */,
				346E733C1D998849000975DE /* Assets.xcassets in Resources */,
				346E733A1D998849000975DE /* Main.storyboard in Resources */,
			);
			runOnlyForDeploymentPostprocessing = 0;
		};
/* End PBXResourcesBuildPhase section */

/* Begin PBXSourcesBuildPhase section */
		346E732D1D998849000975DE /* Sources */ = {
			isa = PBXSourcesBuildPhase;
			buildActionMask = 2147483647;
			files = (
				346E73371D998849000975DE /* ViewController.swift in Sources */,
				346E73351D998849000975DE /* AppDelegate.swift in Sources */,
			);
			runOnlyForDeploymentPostprocessing = 0;
		};
/* End PBXSourcesBuildPhase section */

/* Begin PBXVariantGroup section */
		346E73381D998849000975DE /* Main.storyboard */ = {
			isa = PBXVariantGroup;
			children = (
				346E73391D998849000975DE /* Base */,
			);
			name = Main.storyboard;
			sourceTree = "<group>";
		};
		346E733D1D998849000975DE /* LaunchScreen.storyboard */ = {
			isa = PBXVariantGroup;
			children = (
				346E733E1D998849000975DE /* Base */,
			);
			name = LaunchScreen.storyboard;
			sourceTree = "<group>";
		};
/* End PBXVariantGroup section */

/* Begin XCBuildConfiguration section */
		346E73411D998849000975DE /* Debug */ = {
			isa = XCBuildConfiguration;
			buildSettings = {
				ALWAYS_SEARCH_USER_PATHS = NO;
				CLANG_ANALYZER_NONNULL = YES;
				CLANG_CXX_LANGUAGE_STANDARD = "gnu++0x";
				CLANG_CXX_LIBRARY = "libc++";
				CLANG_ENABLE_MODULES = YES;
				CLANG_ENABLE_OBJC_ARC = YES;
				CLANG_WARN_BOOL_CONVERSION = YES;
				CLANG_WARN_CONSTANT_CONVERSION = YES;
				CLANG_WARN_DIRECT_OBJC_ISA_USAGE = YES_ERROR;
				CLANG_WARN_DOCUMENTATION_COMMENTS = YES;
				CLANG_WARN_EMPTY_BODY = YES;
				CLANG_WARN_ENUM_CONVERSION = YES;
				CLANG_WARN_INFINITE_RECURSION = YES;
				CLANG_WARN_INT_CONVERSION = YES;
				CLANG_WARN_OBJC_ROOT_CLASS = YES_ERROR;
				CLANG_WARN_SUSPICIOUS_MOVES = YES;
				CLANG_WARN_UNREACHABLE_CODE = YES;
				CLANG_WARN__DUPLICATE_METHOD_MATCH = YES;
				"CODE_SIGN_IDENTITY[sdk=iphoneos*]" = "iPhone Developer";
				COPY_PHASE_STRIP = NO;
				DEBUG_INFORMATION_FORMAT = dwarf;
				ENABLE_STRICT_OBJC_MSGSEND = YES;
				ENABLE_TESTABILITY = YES;
				GCC_C_LANGUAGE_STANDARD = gnu99;
				GCC_DYNAMIC_NO_PIC = NO;
				GCC_NO_COMMON_BLOCKS = YES;
				GCC_OPTIMIZATION_LEVEL = 0;
				GCC_PREPROCESSOR_DEFINITIONS = (
					"DEBUG=1",
					"$(inherited)",
				);
				GCC_WARN_64_TO_32_BIT_CONVERSION = YES;
				GCC_WARN_ABOUT_RETURN_TYPE = YES_ERROR;
				GCC_WARN_UNDECLARED_SELECTOR = YES;
				GCC_WARN_UNINITIALIZED_AUTOS = YES_AGGRESSIVE;
				GCC_WARN_UNUSED_FUNCTION = YES;
				GCC_WARN_UNUSED_VARIABLE = YES;
				IPHONEOS_DEPLOYMENT_TARGET = 10.0;
				MTL_ENABLE_DEBUG_INFO = YES;
				ONLY_ACTIVE_ARCH = YES;
				SDKROOT = iphoneos;
				SWIFT_ACTIVE_COMPILATION_CONDITIONS = DEBUG;
				SWIFT_OPTIMIZATION_LEVEL = "-Onone";
				TARGETED_DEVICE_FAMILY = "1,2";
			};
			name = Debug;
		};
		346E73421D998849000975DE /* Release */ = {
			isa = XCBuildConfiguration;
			buildSettings = {
				ALWAYS_SEARCH_USER_PATHS = NO;
				CLANG_ANALYZER_NONNULL = YES;
				CLANG_CXX_LANGUAGE_STANDARD = "gnu++0x";
				CLANG_CXX_LIBRARY = "libc++";
				CLANG_ENABLE_MODULES = YES;
				CLANG_ENABLE_OBJC_ARC = YES;
				CLANG_WARN_BOOL_CONVERSION = YES;
				CLANG_WARN_CONSTANT_CONVERSION = YES;
				CLANG_WARN_DIRECT_OBJC_ISA_USAGE = YES_ERROR;
				CLANG_WARN_DOCUMENTATION_COMMENTS = YES;
				CLANG_WARN_EMPTY_BODY = YES;
				CLANG_WARN_ENUM_CONVERSION = YES;
				CLANG_WARN_INFINITE_RECURSION = YES;
				CLANG_WARN_INT_CONVERSION = YES;
				CLANG_WARN_OBJC_ROOT_CLASS = YES_ERROR;
				CLANG_WARN_SUSPICIOUS_MOVES = YES;
				CLANG_WARN_UNREACHABLE_CODE = YES;
				CLANG_WARN__DUPLICATE_METHOD_MATCH = YES;
				"CODE_SIGN_IDENTITY[sdk=iphoneos*]" = "iPhone Developer";
				COPY_PHASE_STRIP = NO;
				DEBUG_INFORMATION_FORMAT = "dwarf-with-dsym";
				ENABLE_NS_ASSERTIONS = NO;
				ENABLE_STRICT_OBJC_MSGSEND = YES;
				GCC_C_LANGUAGE_STANDARD = gnu99;
				GCC_NO_COMMON_BLOCKS = YES;
				GCC_WARN_64_TO_32_BIT_CONVERSION = YES;
				GCC_WARN_ABOUT_RETURN_TYPE = YES_ERROR;
				GCC_WARN_UNDECLARED_SELECTOR = YES;
				GCC_WARN_UNINITIALIZED_AUTOS = YES_AGGRESSIVE;
				GCC_WARN_UNUSED_FUNCTION = YES;
				GCC_WARN_UNUSED_VARIABLE = YES;
				IPHONEOS_DEPLOYMENT_TARGET = 10.0;
				MTL_ENABLE_DEBUG_INFO = NO;
				SDKROOT = iphoneos;
				SWIFT_OPTIMIZATION_LEVEL = "-Owholemodule";
				TARGETED_DEVICE_FAMILY = "1,2";
				VALIDATE_PRODUCT = YES;
			};
			name = Release;
		};
		346E73441D998849000975DE /* Debug */ = {
			isa = XCBuildConfiguration;
			buildSettings = {
				ASSETCATALOG_COMPILER_APPICON_NAME = AppIcon;
				DEVELOPMENT_TEAM = 5RX9AQ74Y5;
				INFOPLIST_FILE = savetheworld/Info.plist;
				LD_RUNPATH_SEARCH_PATHS = "$(inherited) @executable_path/Frameworks";
				PRODUCT_BUNDLE_IDENTIFIER = "com.waleed-Al-otaibi.savetheworld";
				PRODUCT_NAME = "$(TARGET_NAME)";
				SWIFT_VERSION = 3.0;
			};
			name = Debug;
		};
		346E73451D998849000975DE /* Release */ = {
			isa = XCBuildConfiguration;
			buildSettings = {
				ASSETCATALOG_COMPILER_APPICON_NAME = AppIcon;
				DEVELOPMENT_TEAM = 5RX9AQ74Y5;
				INFOPLIST_FILE = savetheworld/Info.plist;
				LD_RUNPATH_SEARCH_PATHS = "$(inherited) @executable_path/Frameworks";
				PRODUCT_BUNDLE_IDENTIFIER = "com.waleed-Al-otaibi.savetheworld";
				PRODUCT_NAME = "$(TARGET_NAME)";
				SWIFT_VERSION = 3.0;
			};
			name = Release;
		};
/* End XCBuildConfiguration section */

/* Begin XCConfigurationList section */
		346E732C1D998849000975DE /* Build configuration list for PBXProject "savetheworld" */ = {
			isa = XCConfigurationList;
			buildConfigurations = (
				346E73411D998849000975DE /* Debug */,
				346E73421D998849000975DE /* Release */,
			);
			defaultConfigurationIsVisible = 0;
			defaultConfigurationName = Release;
		};
		346E73431D998849000975DE /* Build configuration list for PBXNativeTarget "savetheworld" */ = {
			isa = XCConfigurationList;
			buildConfigurations = (
				346E73441D998849000975DE /* Debug */,
				346E73451D998849000975DE /* Release */,
			);
			defaultConfigurationIsVisible = 0;
		};
/* End XCConfigurationList section */
	};
	rootObject = 346E73291D998849000975DE /* Project object */;
}
